
Microsoft Visual Studio Solution File, Format Version 12.00
# Visual Studio Version 17
VisualStudioVersion = 17.5.002.0
MinimumVisualStudioVersion = 10.0.40219.1
Project("{9A19103F-16F7-4668-BE54-9A1E7A4F7556}") = "elastic-minimal-api", "elastic-minimal-api.csproj", "{B6CB1C74-C826-4C20-B69F-C48FCA0A0796}"
EndProject
Global
	GlobalSection(SolutionConfigurationPlatforms) = preSolution
		Debug|Any CPU = Debug|Any CPU
		Release|Any CPU = Release|Any CPU
	EndGlobalSection
	GlobalSection(ProjectConfigurationPlatforms) = postSolution
		{B6CB1C74-C826-4C20-B69F-C48FCA0A0796}.Debug|Any CPU.ActiveCfg = Debug|Any CPU
		{B6CB1C74-C826-4C20-B69F-C48FCA0A0796}.Debug|Any CPU.Build.0 = Debug|Any CPU
		{B6CB1C74-C826-4C20-B69F-C48FCA0A0796}.Release|Any CPU.ActiveCfg = Release|Any CPU
		{B6CB1C74-C826-4C20-B69F-C48FCA0A0796}.Release|Any CPU.Build.0 = Release|Any CPU
	EndGlobalSection
	GlobalSection(SolutionProperties) = preSolution
		HideSolutionNode = FALSE
	EndGlobalSection
	GlobalSection(ExtensibilityGlobals) = postSolution
		SolutionGuid = {5F52A62D-A46E-4E29-B3A2-1F88AA519828}
	EndGlobalSection
EndGlobal
